<?xml version="1.0" encoding="utf-8"?>
<Project ToolsVersion="4.0" xmlns="http://schemas.microsoft.com/developer/msbuild/2003">
  <ItemGroup>
    <Filter Include="소스 파일">
      <UniqueIdentifier>{4FC737F1-C7A5-4376-A066-2A32D752A2FF}</UniqueIdentifier>
      <Extensions>cpp;c;cc;cxx;c++;cppm;ixx;def;odl;idl;hpj;bat;asm;asmx</Extensions>
    </Filter>
    <Filter Include="헤더 파일">
      <UniqueIdentifier>{93995380-89BD-4b04-88EB-625FBE52EBFB}</UniqueIdentifier>
      <Extensions>h;hh;hpp;hxx;h++;hm;inl;inc;ipp;xsd</Extensions>
    </Filter>
    <Filter Include="리소스 파일">
      <UniqueIdentifier>{67DA6AB6-F800-4c08-8B7A-83BB121AAD01}</UniqueIdentifier>
      <Extensions>rc;ico;cur;bmp;dlg;rc2;rct;bin;rgs;gif;jpg;jpeg;jpe;resx;tiff;tif;png;wav;mfcribbon-ms</Extensions>
    </Filter>
  </ItemGroup>
  <ItemGroup>
    <ClInclude Include="src\Core.h">
      <Filter>헤더 파일</Filter>
    </ClInclude>
    <ClInclude Include="src\IOC\Singletons.h">
      <Filter>헤더 파일</Filter>
    </ClInclude>
    <ClInclude Include="src\IOC\Container.h">
      <Filter>헤더 파일</Filter>
    </ClInclude>
    <ClInclude Include="src\Log\Channel.h">
      <Filter>헤더 파일</Filter>
    </ClInclude>
    <ClInclude Include="src\Log\Entry.h">
      <Filter>헤더 파일</Filter>
    </ClInclude>
    <ClInclude Include="src\Log\EntryBuilder.h">
      <Filter>헤더 파일</Filter>
    </ClInclude>
    <ClInclude Include="src\Log\Level.h">
      <Filter>헤더 파일</Filter>
    </ClInclude>
    <ClInclude Include="src\Log\Driver.h">
      <Filter>헤더 파일</Filter>
    </ClInclude>
    <ClInclude Include="src\Log\MsvcDebugDriver.h">
      <Filter>헤더 파일</Filter>
    </ClInclude>
    <ClInclude Include="src\Log\TextFormatter.h">
      <Filter>헤더 파일</Filter>
    </ClInclude>
    <ClInclude Include="src\Log\Policy.h">
      <Filter>헤더 파일</Filter>
    </ClInclude>
    <ClInclude Include="src\Log\SeverityLevelPolicy.h">
      <Filter>헤더 파일</Filter>
    </ClInclude>
    <ClInclude Include="src\thirdparty\backward.hpp">
      <Filter>헤더 파일</Filter>
    </ClInclude>
    <ClInclude Include="src\util\StackTrace.h">
      <Filter>헤더 파일</Filter>
    </ClInclude>
    <ClInclude Include="src\util\String.h">
      <Filter>헤더 파일</Filter>
    </ClInclude>
    <ClInclude Include="src\Log\Log.h">
      <Filter>헤더 파일</Filter>
    </ClInclude>
    <ClInclude Include="src\Log\FileDriver.h">
      <Filter>헤더 파일</Filter>
    </ClInclude>
    <ClInclude Include="src\util\Assert.h">
      <Filter>헤더 파일</Filter>
    </ClInclude>
    <ClInclude Include="src\util\Macro.h">
      <Filter>헤더 파일</Filter>
    </ClInclude>
    <ClInclude Include="src\util\Exception.h">
      <Filter>헤더 파일</Filter>
    </ClInclude>
    <ClInclude Include="src\IOC\Exception.h">
      <Filter>헤더 파일</Filter>
    </ClInclude>
    <ClInclude Include="src\util\NoReturn.h">
      <Filter>헤더 파일</Filter>
    </ClInclude>
    <ClInclude Include="src\window\NeoWin.h">
      <Filter>헤더 파일</Filter>
    </ClInclude>
    <ClInclude Include="src\window\IWindow.h">
      <Filter>헤더 파일</Filter>
    </ClInclude>
    <ClInclude Include="src\window\WindowClass.h">
      <Filter>헤더 파일</Filter>
    </ClInclude>
    <ClInclude Include="src\window\Exception.h">
      <Filter>헤더 파일</Filter>
    </ClInclude>
    <ClInclude Include="src\window\Utilities.h">
      <Filter>헤더 파일</Filter>
    </ClInclude>
    <ClInclude Include="src\DS\Dimensions.h">
      <Filter>헤더 파일</Filter>
    </ClInclude>
    <ClInclude Include="src\DS\Rect.h">
      <Filter>헤더 파일</Filter>
    </ClInclude>
    <ClInclude Include="src\DS\Vec2.h">
      <Filter>헤더 파일</Filter>
    </ClInclude>
    <ClInclude Include="src\window\Init.h">
      <Filter>헤더 파일</Filter>
    </ClInclude>
  </ItemGroup>
  <ItemGroup>
    <ClCompile Include="src\Core.cpp">
      <Filter>소스 파일</Filter>
    </ClCompile>
    <ClCompile Include="src\IOC\Singletons.cpp">
      <Filter>소스 파일</Filter>
    </ClCompile>
    <ClCompile Include="src\IOC\Container.cpp">
      <Filter>소스 파일</Filter>
    </ClCompile>
    <ClCompile Include="src\Log\EntryBuilder.cpp">
      <Filter>소스 파일</Filter>
    </ClCompile>
    <ClCompile Include="src\Log\Level.cpp">
      <Filter>소스 파일</Filter>
    </ClCompile>
    <ClCompile Include="src\Log\Channel.cpp">
      <Filter>소스 파일</Filter>
    </ClCompile>
    <ClCompile Include="src\Log\Driver.cpp">
      <Filter>소스 파일</Filter>
    </ClCompile>
    <ClCompile Include="src\Log\MsvcDebugDriver.cpp">
      <Filter>소스 파일</Filter>
    </ClCompile>
    <ClCompile Include="src\Log\TextFormatter.cpp">
      <Filter>소스 파일</Filter>
    </ClCompile>
    <ClCompile Include="src\Log\SeverityLevelPolicy.cpp">
      <Filter>소스 파일</Filter>
    </ClCompile>
    <ClCompile Include="src\util\StackTrace.cpp">
      <Filter>소스 파일</Filter>
    </ClCompile>
    <ClCompile Include="src\util\String.cpp">
      <Filter>소스 파일</Filter>
    </ClCompile>
    <ClCompile Include="src\Log\Log.cpp">
      <Filter>소스 파일</Filter>
    </ClCompile>
    <ClCompile Include="src\Log\FileDriver.cpp">
      <Filter>소스 파일</Filter>
    </ClCompile>
    <ClCompile Include="src\util\Assert.cpp">
      <Filter>소스 파일</Filter>
    </ClCompile>
    <ClCompile Include="src\util\Exception.cpp">
      <Filter>소스 파일</Filter>
    </ClCompile>
    <ClCompile Include="src\util\NoReturn.cpp">
      <Filter>소스 파일</Filter>
    </ClCompile>
    <ClCompile Include="src\window\WindowClass.cpp">
      <Filter>소스 파일</Filter>
    </ClCompile>
    <ClCompile Include="src\window\Utilities.cpp">
      <Filter>소스 파일</Filter>
    </ClCompile>
    <ClCompile Include="src\window\Init.cpp">
      <Filter>소스 파일</Filter>
    </ClCompile>
  </ItemGroup>
</Project>